// !$*UTF8*$!
{
	archiveVersion = 1;
	classes = {
	};
	objectVersion = 55;
	objects = {

/* Begin PBXBuildFile section */
		5C98BE8628A55F77001686E0 /* NBA_PlayerApp.swift in Sources */ = {isa = PBXBuildFile; fileRef = 5C98BE8528A55F77001686E0 /* NBA_PlayerApp.swift */; };
		5C98BE8828A55F77001686E0 /* ContentView.swift in Sources */ = {isa = PBXBuildFile; fileRef = 5C98BE8728A55F77001686E0 /* ContentView.swift */; };
		5C98BE8A28A55F7B001686E0 /* Assets.xcassets in Resources */ = {isa = PBXBuildFile; fileRef = 5C98BE8928A55F7B001686E0 /* Assets.xcassets */; };
		5C98BE8D28A55F7B001686E0 /* Preview Assets.xcassets in Resources */ = {isa = PBXBuildFile; fileRef = 5C98BE8C28A55F7B001686E0 /* Preview Assets.xcassets */; };
		5C98BE9728A55F7B001686E0 /* NBA_PlayerTests.swift in Sources */ = {isa = PBXBuildFile; fileRef = 5C98BE9628A55F7B001686E0 /* NBA_PlayerTests.swift */; };
		5C98BEA128A55F7B001686E0 /* NBA_PlayerUITests.swift in Sources */ = {isa = PBXBuildFile; fileRef = 5C98BEA028A55F7B001686E0 /* NBA_PlayerUITests.swift */; };
		5C98BEA328A55F7B001686E0 /* NBA_PlayerUITestsLaunchTests.swift in Sources */ = {isa = PBXBuildFile; fileRef = 5C98BEA228A55F7B001686E0 /* NBA_PlayerUITestsLaunchTests.swift */; };
		5C98BEB028A56424001686E0 /* Player.swift in Sources */ = {isa = PBXBuildFile; fileRef = 5C98BEAF28A56424001686E0 /* Player.swift */; };
/* End PBXBuildFile section */

/* Begin PBXContainerItemProxy section */
		5C98BE9328A55F7B001686E0 /* PBXContainerItemProxy */ = {
			isa = PBXContainerItemProxy;
			containerPortal = 5C98BE7A28A55F77001686E0 /* Project object */;
			proxyType = 1;
			remoteGlobalIDString = 5C98BE8128A55F77001686E0;
			remoteInfo = "NBA Player";
		};
		5C98BE9D28A55F7B001686E0 /* PBXContainerItemProxy */ = {
			isa = PBXContainerItemProxy;
			containerPortal = 5C98BE7A28A55F77001686E0 /* Project object */;
			proxyType = 1;
			remoteGlobalIDString = 5C98BE8128A55F77001686E0;
			remoteInfo = "NBA Player";
		};
/* End PBXContainerItemProxy section */

/* Begin PBXFileReference section */
		5C98BE8228A55F77001686E0 /* NBA Player.app */ = {isa = PBXFileReference; explicitFileType = wrapper.application; includeInIndex = 0; path = "NBA Player.app"; sourceTree = BUILT_PRODUCTS_DIR; };
		5C98BE8528A55F77001686E0 /* NBA_PlayerApp.swift */ = {isa = PBXFileReference; lastKnownFileType = sourcecode.swift; path = NBA_PlayerApp.swift; sourceTree = "<group>"; };
		5C98BE8728A55F77001686E0 /* ContentView.swift */ = {isa = PBXFileReference; lastKnownFileType = sourcecode.swift; path = ContentView.swift; sourceTree = "<group>"; };
		5C98BE8928A55F7B001686E0 /* Assets.xcassets */ = {isa = PBXFileReference; lastKnownFileType = folder.assetcatalog; path = Assets.xcassets; sourceTree = "<group>"; };
		5C98BE8C28A55F7B001686E0 /* Preview Assets.xcassets */ = {isa = PBXFileReference; lastKnownFileType = folder.assetcatalog; path = "Preview Assets.xcassets"; sourceTree = "<group>"; };
		5C98BE9228A55F7B001686E0 /* NBA PlayerTests.xctest */ = {isa = PBXFileReference; explicitFileType = wrapper.cfbundle; includeInIndex = 0; path = "NBA PlayerTests.xctest"; sourceTree = BUILT_PRODUCTS_DIR; };
		5C98BE9628A55F7B001686E0 /* NBA_PlayerTests.swift */ = {isa = PBXFileReference; lastKnownFileType = sourcecode.swift; path = NBA_PlayerTests.swift; sourceTree = "<group>"; };
		5C98BE9C28A55F7B001686E0 /* NBA PlayerUITests.xctest */ = {isa = PBXFileReference; explicitFileType = wrapper.cfbundle; includeInIndex = 0; path = "NBA PlayerUITests.xctest"; sourceTree = BUILT_PRODUCTS_DIR; };
		5C98BEA028A55F7B001686E0 /* NBA_PlayerUITests.swift */ = {isa = PBXFileReference; lastKnownFileType = sourcecode.swift; path = NBA_PlayerUITests.swift; sourceTree = "<group>"; };
		5C98BEA228A55F7B001686E0 /* NBA_PlayerUITestsLaunchTests.swift */ = {isa = PBXFileReference; lastKnownFileType = sourcecode.swift; path = NBA_PlayerUITestsLaunchTests.swift; sourceTree = "<group>"; };
		5C98BEAF28A56424001686E0 /* Player.swift */ = {isa = PBXFileReference; fileEncoding = 4; lastKnownFileType = sourcecode.swift; name = Player.swift; path = "../../Player Info/Player.swift"; sourceTree = "<group>"; };
/* End PBXFileReference section */

/* Begin PBXFrameworksBuildPhase section */
		5C98BE7F28A55F77001686E0 /* Frameworks */ = {
			isa = PBXFrameworksBuildPhase;
			buildActionMask = 2147483647;
			files = (
			);
			runOnlyForDeploymentPostprocessing = 0;
		};
		5C98BE8F28A55F7B001686E0 /* Frameworks */ = {
			isa = PBXFrameworksBuildPhase;
			buildActionMask = 2147483647;
			files = (
			);
			runOnlyForDeploymentPostprocessing = 0;
		};
		5C98BE9928A55F7B001686E0 /* Frameworks */ = {
			isa = PBXFrameworksBuildPhase;
			buildActionMask = 2147483647;
			files = (
			);
			runOnlyForDeploymentPostprocessing = 0;
		};
/* End PBXFrameworksBuildPhase section */

/* Begin PBXGroup section */
		5C98BE7928A55F77001686E0 = {
			isa = PBXGroup;
			children = (
				5C98BE8428A55F77001686E0 /* NBA Player */,
				5C98BE9528A55F7B001686E0 /* NBA PlayerTests */,
				5C98BE9F28A55F7B001686E0 /* NBA PlayerUITests */,
				5C98BE8328A55F77001686E0 /* Products */,
			);
			sourceTree = "<group>";
		};
		5C98BE8328A55F77001686E0 /* Products */ = {
			isa = PBXGroup;
			children = (
				5C98BE8228A55F77001686E0 /* NBA Player.app */,
				5C98BE9228A55F7B001686E0 /* NBA PlayerTests.xctest */,
				5C98BE9C28A55F7B001686E0 /* NBA PlayerUITests.xctest */,
			);
			name = Products;
			sourceTree = "<group>";
		};
		5C98BE8428A55F77001686E0 /* NBA Player */ = {
			isa = PBXGroup;
			children = (
				5C98BEAF28A56424001686E0 /* Player.swift */,
				5C98BE8528A55F77001686E0 /* NBA_PlayerApp.swift */,
				5C98BE8728A55F77001686E0 /* ContentView.swift */,
				5C98BE8928A55F7B001686E0 /* Assets.xcassets */,
				5C98BE8B28A55F7B001686E0 /* Preview Content */,
			);
			path = "NBA Player";
			sourceTree = "<group>";
		};
		5C98BE8B28A55F7B001686E0 /* Preview Content */ = {
			isa = PBXGroup;
			children = (
				5C98BE8C28A55F7B001686E0 /* Preview Assets.xcassets */,
			);
			path = "Preview Content";
			sourceTree = "<group>";
		};
		5C98BE9528A55F7B001686E0 /* NBA PlayerTests */ = {
			isa = PBXGroup;
			children = (
				5C98BE9628A55F7B001686E0 /* NBA_PlayerTests.swift */,
			);
			path = "NBA PlayerTests";
			sourceTree = "<group>";
		};
		5C98BE9F28A55F7B001686E0 /* NBA PlayerUITests */ = {
			isa = PBXGroup;
			children = (
				5C98BEA028A55F7B001686E0 /* NBA_PlayerUITests.swift */,
				5C98BEA228A55F7B001686E0 /* NBA_PlayerUITestsLaunchTests.swift */,
			);
			path = "NBA PlayerUITests";
			sourceTree = "<group>";
		};
/* End PBXGroup section */

/* Begin PBXNativeTarget section */
		5C98BE8128A55F77001686E0 /* NBA Player */ = {
			isa = PBXNativeTarget;
			buildConfigurationList = 5C98BEA628A55F7B001686E0 /* Build configuration list for PBXNativeTarget "NBA Player" */;
			buildPhases = (
				5C98BE7E28A55F77001686E0 /* Sources */,
				5C98BE7F28A55F77001686E0 /* Frameworks */,
				5C98BE8028A55F77001686E0 /* Resources */,
			);
			buildRules = (
			);
			dependencies = (
			);
			name = "NBA Player";
			productName = "NBA Player";
			productReference = 5C98BE8228A55F77001686E0 /* NBA Player.app */;
			productType = "com.apple.product-type.application";
		};
		5C98BE9128A55F7B001686E0 /* NBA PlayerTests */ = {
			isa = PBXNativeTarget;
			buildConfigurationList = 5C98BEA928A55F7B001686E0 /* Build configuration list for PBXNativeTarget "NBA PlayerTests" */;
			buildPhases = (
				5C98BE8E28A55F7B001686E0 /* Sources */,
				5C98BE8F28A55F7B001686E0 /* Frameworks */,
				5C98BE9028A55F7B001686E0 /* Resources */,
			);
			buildRules = (
			);
			dependencies = (
				5C98BE9428A55F7B001686E0 /* PBXTargetDependency */,
			);
			name = "NBA PlayerTests";
			productName = "NBA PlayerTests";
			productReference = 5C98BE9228A55F7B001686E0 /* NBA PlayerTests.xctest */;
			productType = "com.apple.product-type.bundle.unit-test";
		};
		5C98BE9B28A55F7B001686E0 /* NBA PlayerUITests */ = {
			isa = PBXNativeTarget;
			buildConfigurationList = 5C98BEAC28A55F7B001686E0 /* Build configuration list for PBXNativeTarget "NBA PlayerUITests" */;
			buildPhases = (
				5C98BE9828A55F7B001686E0 /* Sources */,
				5C98BE9928A55F7B001686E0 /* Frameworks */,
				5C98BE9A28A55F7B001686E0 /* Resources */,
			);
			buildRules = (
			);
			dependencies = (
				5C98BE9E28A55F7B001686E0 /* PBXTargetDependency */,
			);
			name = "NBA PlayerUITests";
			productName = "NBA PlayerUITests";
			productReference = 5C98BE9C28A55F7B001686E0 /* NBA PlayerUITests.xctest */;
			productType = "com.apple.product-type.bundle.ui-testing";
		};
/* End PBXNativeTarget section */

/* Begin PBXProject section */
		5C98BE7A28A55F77001686E0 /* Project object */ = {
			isa = PBXProject;
			attributes = {
				BuildIndependentTargetsInParallel = 1;
				LastSwiftUpdateCheck = 1340;
				LastUpgradeCheck = 1340;
				TargetAttributes = {
					5C98BE8128A55F77001686E0 = {
						CreatedOnToolsVersion = 13.4.1;
					};
					5C98BE9128A55F7B001686E0 = {
						CreatedOnToolsVersion = 13.4.1;
						TestTargetID = 5C98BE8128A55F77001686E0;
					};
					5C98BE9B28A55F7B001686E0 = {
						CreatedOnToolsVersion = 13.4.1;
						TestTargetID = 5C98BE8128A55F77001686E0;
					};
				};
			};
			buildConfigurationList = 5C98BE7D28A55F77001686E0 /* Build configuration list for PBXProject "NBA Player" */;
			compatibilityVersion = "Xcode 13.0";
			developmentRegion = en;
			hasScannedForEncodings = 0;
			knownRegions = (
				en,
				Base,
			);
			mainGroup = 5C98BE7928A55F77001686E0;
			productRefGroup = 5C98BE8328A55F77001686E0 /* Products */;
			projectDirPath = "";
			projectRoot = "";
			targets = (
				5C98BE8128A55F77001686E0 /* NBA Player */,
				5C98BE9128A55F7B001686E0 /* NBA PlayerTests */,
				5C98BE9B28A55F7B001686E0 /* NBA PlayerUITests */,
			);
		};
/* End PBXProject section */

/* Begin PBXResourcesBuildPhase section */
		5C98BE8028A55F77001686E0 /* Resources */ = {
			isa = PBXResourcesBuildPhase;
			buildActionMask = 2147483647;
			files = (
				5C98BE8D28A55F7B001686E0 /* Preview Assets.xcassets in Resources */,
				5C98BE8A28A55F7B001686E0 /* Assets.xcassets in Resources */,
			);
			runOnlyForDeploymentPostprocessing = 0;
		};
		5C98BE9028A55F7B001686E0 /* Resources */ = {
			isa = PBXResourcesBuildPhase;
			buildActionMask = 2147483647;
			files = (
			);
			runOnlyForDeploymentPostprocessing = 0;
		};
		5C98BE9A28A55F7B001686E0 /* Resources */ = {
			isa = PBXResourcesBuildPhase;
			buildActionMask = 2147483647;
			files = (
			);
			runOnlyForDeploymentPostprocessing = 0;
		};
/* End PBXResourcesBuildPhase section */

/* Begin PBXSourcesBuildPhase section */
		5C98BE7E28A55F77001686E0 /* Sources */ = {
			isa = PBXSourcesBuildPhase;
			buildActionMask = 2147483647;
			files = (
				5C98BE8828A55F77001686E0 /* ContentView.swift in Sources */,
				5C98BEB028A56424001686E0 /* Player.swift in Sources */,
				5C98BE8628A55F77001686E0 /* NBA_PlayerApp.swift in Sources */,
			);
			runOnlyForDeploymentPostprocessing = 0;
		};
		5C98BE8E28A55F7B001686E0 /* Sources */ = {
			isa = PBXSourcesBuildPhase;
			buildActionMask = 2147483647;
			files = (
				5C98BE9728A55F7B001686E0 /* NBA_PlayerTests.swift in Sources */,
			);
			runOnlyForDeploymentPostprocessing = 0;
		};
		5C98BE9828A55F7B001686E0 /* Sources */ = {
			isa = PBXSourcesBuildPhase;
			buildActionMask = 2147483647;
			files = (
				5C98BEA128A55F7B001686E0 /* NBA_PlayerUITests.swift in Sources */,
				5C98BEA328A55F7B001686E0 /* NBA_PlayerUITestsLaunchTests.swift in Sources */,
			);
			runOnlyForDeploymentPostprocessing = 0;
		};
/* End PBXSourcesBuildPhase section */

/* Begin PBXTargetDependency section */
		5C98BE9428A55F7B001686E0 /* PBXTargetDependency */ = {
			isa = PBXTargetDependency;
			target = 5C98BE8128A55F77001686E0 /* NBA Player */;
			targetProxy = 5C98BE9328A55F7B001686E0 /* PBXContainerItemProxy */;
		};
		5C98BE9E28A55F7B001686E0 /* PBXTargetDependency */ = {
			isa = PBXTargetDependency;
			target = 5C98BE8128A55F77001686E0 /* NBA Player */;
			targetProxy = 5C98BE9D28A55F7B001686E0 /* PBXContainerItemProxy */;
		};
/* End PBXTargetDependency section */

/* Begin XCBuildConfiguration section */
		5C98BEA428A55F7B001686E0 /* Debug */ = {
			isa = XCBuildConfiguration;
			buildSettings = {
				ALWAYS_SEARCH_USER_PATHS = NO;
				CLANG_ANALYZER_NONNULL = YES;
				CLANG_ANALYZER_NUMBER_OBJECT_CONVERSION = YES_AGGRESSIVE;
				CLANG_CXX_LANGUAGE_STANDARD = "gnu++17";
				CLANG_ENABLE_MODULES = YES;
				CLANG_ENABLE_OBJC_ARC = YES;
				CLANG_ENABLE_OBJC_WEAK = YES;
				CLANG_WARN_BLOCK_CAPTURE_AUTORELEASING = YES;
				CLANG_WARN_BOOL_CONVERSION = YES;
				CLANG_WARN_COMMA = YES;
				CLANG_WARN_CONSTANT_CONVERSION = YES;
				CLANG_WARN_DEPRECATED_OBJC_IMPLEMENTATIONS = YES;
				CLANG_WARN_DIRECT_OBJC_ISA_USAGE = YES_ERROR;
				CLANG_WARN_DOCUMENTATION_COMMENTS = YES;
				CLANG_WARN_EMPTY_BODY = YES;
				CLANG_WARN_ENUM_CONVERSION = YES;
				CLANG_WARN_INFINITE_RECURSION = YES;
				CLANG_WARN_INT_CONVERSION = YES;
				CLANG_WARN_NON_LITERAL_NULL_CONVERSION = YES;
				CLANG_WARN_OBJC_IMPLICIT_RETAIN_SELF = YES;
				CLANG_WARN_OBJC_LITERAL_CONVERSION = YES;
				CLANG_WARN_OBJC_ROOT_CLASS = YES_ERROR;
				CLANG_WARN_QUOTED_INCLUDE_IN_FRAMEWORK_HEADER = YES;
				CLANG_WARN_RANGE_LOOP_ANALYSIS = YES;
				CLANG_WARN_STRICT_PROTOTYPES = YES;
				CLANG_WARN_SUSPICIOUS_MOVE = YES;
				CLANG_WARN_UNGUARDED_AVAILABILITY = YES_AGGRESSIVE;
				CLANG_WARN_UNREACHABLE_CODE = YES;
				CLANG_WARN__DUPLICATE_METHOD_MATCH = YES;
				COPY_PHASE_STRIP = NO;
				DEBUG_INFORMATION_FORMAT = dwarf;
				ENABLE_STRICT_OBJC_MSGSEND = YES;
				ENABLE_TESTABILITY = YES;
				GCC_C_LANGUAGE_STANDARD = gnu11;
				GCC_DYNAMIC_NO_PIC = NO;
				GCC_NO_COMMON_BLOCKS = YES;
				GCC_OPTIMIZATION_LEVEL = 0;
				GCC_PREPROCESSOR_DEFINITIONS = (
					"DEBUG=1",
					"$(inherited)",
				);
				GCC_WARN_64_TO_32_BIT_CONVERSION = YES;
				GCC_WARN_ABOUT_RETURN_TYPE = YES_ERROR;
				GCC_WARN_UNDECLARED_SELECTOR = YES;
				GCC_WARN_UNINITIALIZED_AUTOS = YES_AGGRESSIVE;
				GCC_WARN_UNUSED_FUNCTION = YES;
				GCC_WARN_UNUSED_VARIABLE = YES;
				IPHONEOS_DEPLOYMENT_TARGET = 15.5;
				MTL_ENABLE_DEBUG_INFO = INCLUDE_SOURCE;
				MTL_FAST_MATH = YES;
				ONLY_ACTIVE_ARCH = YES;
				SDKROOT = iphoneos;
				SWIFT_ACTIVE_COMPILATION_CONDITIONS = DEBUG;
				SWIFT_OPTIMIZATION_LEVEL = "-Onone";
			};
			name = Debug;
		};
		5C98BEA528A55F7B001686E0 /* Release */ = {
			isa = XCBuildConfiguration;
			buildSettings = {
				ALWAYS_SEARCH_USER_PATHS = NO;
				CLANG_ANALYZER_NONNULL = YES;
				CLANG_ANALYZER_NUMBER_OBJECT_CONVERSION = YES_AGGRESSIVE;
				CLANG_CXX_LANGUAGE_STANDARD = "gnu++17";
				CLANG_ENABLE_MODULES = YES;
				CLANG_ENABLE_OBJC_ARC = YES;
				CLANG_ENABLE_OBJC_WEAK = YES;
				CLANG_WARN_BLOCK_CAPTURE_AUTORELEASING = YES;
				CLANG_WARN_BOOL_CONVERSION = YES;
				CLANG_WARN_COMMA = YES;
				CLANG_WARN_CONSTANT_CONVERSION = YES;
				CLANG_WARN_DEPRECATED_OBJC_IMPLEMENTATIONS = YES;
				CLANG_WARN_DIRECT_OBJC_ISA_USAGE = YES_ERROR;
				CLANG_WARN_DOCUMENTATION_COMMENTS = YES;
				CLANG_WARN_EMPTY_BODY = YES;
				CLANG_WARN_ENUM_CONVERSION = YES;
				CLANG_WARN_INFINITE_RECURSION = YES;
				CLANG_WARN_INT_CONVERSION = YES;
				CLANG_WARN_NON_LITERAL_NULL_CONVERSION = YES;
				CLANG_WARN_OBJC_IMPLICIT_RETAIN_SELF = YES;
				CLANG_WARN_OBJC_LITERAL_CONVERSION = YES;
				CLANG_WARN_OBJC_ROOT_CLASS = YES_ERROR;
				CLANG_WARN_QUOTED_INCLUDE_IN_FRAMEWORK_HEADER = YES;
				CLANG_WARN_RANGE_LOOP_ANALYSIS = YES;
				CLANG_WARN_STRICT_PROTOTYPES = YES;
				CLANG_WARN_SUSPICIOUS_MOVE = YES;
				CLANG_WARN_UNGUARDED_AVAILABILITY = YES_AGGRESSIVE;
				CLANG_WARN_UNREACHABLE_CODE = YES;
				CLANG_WARN__DUPLICATE_METHOD_MATCH = YES;
				COPY_PHASE_STRIP = NO;
				DEBUG_INFORMATION_FORMAT = "dwarf-with-dsym";
				ENABLE_NS_ASSERTIONS = NO;
				ENABLE_STRICT_OBJC_MSGSEND = YES;
				GCC_C_LANGUAGE_STANDARD = gnu11;
				GCC_NO_COMMON_BLOCKS = YES;
				GCC_WARN_64_TO_32_BIT_CONVERSION = YES;
				GCC_WARN_ABOUT_RETURN_TYPE = YES_ERROR;
				GCC_WARN_UNDECLARED_SELECTOR = YES;
				GCC_WARN_UNINITIALIZED_AUTOS = YES_AGGRESSIVE;
				GCC_WARN_UNUSED_FUNCTION = YES;
				GCC_WARN_UNUSED_VARIABLE = YES;
				IPHONEOS_DEPLOYMENT_TARGET = 15.5;
				MTL_ENABLE_DEBUG_INFO = NO;
				MTL_FAST_MATH = YES;
				SDKROOT = iphoneos;
				SWIFT_COMPILATION_MODE = wholemodule;
				SWIFT_OPTIMIZATION_LEVEL = "-O";
				VALIDATE_PRODUCT = YES;
			};
			name = Release;
		};
		5C98BEA728A55F7B001686E0 /* Debug */ = {
			isa = XCBuildConfiguration;
			buildSettings = {
				ASSETCATALOG_COMPILER_APPICON_NAME = AppIcon;
				ASSETCATALOG_COMPILER_GLOBAL_ACCENT_COLOR_NAME = AccentColor;
				CODE_SIGN_STYLE = Automatic;
				CURRENT_PROJECT_VERSION = 1;
				DEVELOPMENT_ASSET_PATHS = "\"NBA Player/Preview Content\"";
				ENABLE_PREVIEWS = YES;
				GENERATE_INFOPLIST_FILE = YES;
				INFOPLIST_KEY_UIApplicationSceneManifest_Generation = YES;
				INFOPLIST_KEY_UIApplicationSupportsIndirectInputEvents = YES;
				INFOPLIST_KEY_UILaunchScreen_Generation = YES;
				INFOPLIST_KEY_UISupportedInterfaceOrientations_iPad = "UIInterfaceOrientationPortrait UIInterfaceOrientationPortraitUpsideDown UIInterfaceOrientationLandscapeLeft UIInterfaceOrientationLandscapeRight";
				INFOPLIST_KEY_UISupportedInterfaceOrientations_iPhone = "UIInterfaceOrientationPortrait UIInterfaceOrientationLandscapeLeft UIInterfaceOrientationLandscapeRight";
				LD_RUNPATH_SEARCH_PATHS = (
					"$(inherited)",
					"@executable_path/Frameworks",
				);
				MARKETING_VERSION = 1.0;
				PRODUCT_BUNDLE_IDENTIFIER = "com.flo.NBA-Player";
				PRODUCT_NAME = "$(TARGET_NAME)";
				SWIFT_EMIT_LOC_STRINGS = YES;
				SWIFT_VERSION = 5.0;
				TARGETED_DEVICE_FAMILY = "1,2";
			};
			name = Debug;
		};
		5C98BEA828A55F7B001686E0 /* Release */ = {
			isa = XCBuildConfiguration;
			buildSettings = {
				ASSETCATALOG_COMPILER_APPICON_NAME = AppIcon;
				ASSETCATALOG_COMPILER_GLOBAL_ACCENT_COLOR_NAME = AccentColor;
				CODE_SIGN_STYLE = Automatic;
				CURRENT_PROJECT_VERSION = 1;
				DEVELOPMENT_ASSET_PATHS = "\"NBA Player/Preview Content\"";
				ENABLE_PREVIEWS = YES;
				GENERATE_INFOPLIST_FILE = YES;
				INFOPLIST_KEY_UIApplicationSceneManifest_Generation = YES;
				INFOPLIST_KEY_UIApplicationSupportsIndirectInputEvents = YES;
				INFOPLIST_KEY_UILaunchScreen_Generation = YES;
				INFOPLIST_KEY_UISupportedInterfaceOrientations_iPad = "UIInterfaceOrientationPortrait UIInterfaceOrientationPortraitUpsideDown UIInterfaceOrientationLandscapeLeft UIInterfaceOrientationLandscapeRight";
				INFOPLIST_KEY_UISupportedInterfaceOrientations_iPhone = "UIInterfaceOrientationPortrait UIInterfaceOrientationLandscapeLeft UIInterfaceOrientationLandscapeRight";
				LD_RUNPATH_SEARCH_PATHS = (
					"$(inherited)",
					"@executable_path/Frameworks",
				);
				MARKETING_VERSION = 1.0;
				PRODUCT_BUNDLE_IDENTIFIER = "com.flo.NBA-Player";
				PRODUCT_NAME = "$(TARGET_NAME)";
				SWIFT_EMIT_LOC_STRINGS = YES;
				SWIFT_VERSION = 5.0;
				TARGETED_DEVICE_FAMILY = "1,2";
			};
			name = Release;
		};
		5C98BEAA28A55F7B001686E0 /* Debug */ = {
			isa = XCBuildConfiguration;
			buildSettings = {
				ALWAYS_EMBED_SWIFT_STANDARD_LIBRARIES = YES;
				BUNDLE_LOADER = "$(TEST_HOST)";
				CODE_SIGN_STYLE = Automatic;
				CURRENT_PROJECT_VERSION = 1;
				GENERATE_INFOPLIST_FILE = YES;
				IPHONEOS_DEPLOYMENT_TARGET = 15.5;
				MARKETING_VERSION = 1.0;
				PRODUCT_BUNDLE_IDENTIFIER = "com.flo.NBA-PlayerTests";
				PRODUCT_NAME = "$(TARGET_NAME)";
				SWIFT_EMIT_LOC_STRINGS = NO;
				SWIFT_VERSION = 5.0;
				TARGETED_DEVICE_FAMILY = "1,2";
				TEST_HOST = "$(BUILT_PRODUCTS_DIR)/NBA Player.app/NBA Player";
			};
			name = Debug;
		};
		5C98BEAB28A55F7B001686E0 /* Release */ = {
			isa = XCBuildConfiguration;
			buildSettings = {
				ALWAYS_EMBED_SWIFT_STANDARD_LIBRARIES = YES;
				BUNDLE_LOADER = "$(TEST_HOST)";
				CODE_SIGN_STYLE = Automatic;
				CURRENT_PROJECT_VERSION = 1;
				GENERATE_INFOPLIST_FILE = YES;
				IPHONEOS_DEPLOYMENT_TARGET = 15.5;
				MARKETING_VERSION = 1.0;
				PRODUCT_BUNDLE_IDENTIFIER = "com.flo.NBA-PlayerTests";
				PRODUCT_NAME = "$(TARGET_NAME)";
				SWIFT_EMIT_LOC_STRINGS = NO;
				SWIFT_VERSION = 5.0;
				TARGETED_DEVICE_FAMILY = "1,2";
				TEST_HOST = "$(BUILT_PRODUCTS_DIR)/NBA Player.app/NBA Player";
			};
			name = Release;
		};
		5C98BEAD28A55F7B001686E0 /* Debug */ = {
			isa = XCBuildConfiguration;
			buildSettings = {
				ALWAYS_EMBED_SWIFT_STANDARD_LIBRARIES = YES;
				CODE_SIGN_STYLE = Automatic;
				CURRENT_PROJECT_VERSION = 1;
				GENERATE_INFOPLIST_FILE = YES;
				MARKETING_VERSION = 1.0;
				PRODUCT_BUNDLE_IDENTIFIER = "com.flo.NBA-PlayerUITests";
				PRODUCT_NAME = "$(TARGET_NAME)";
				SWIFT_EMIT_LOC_STRINGS = NO;
				SWIFT_VERSION = 5.0;
				TARGETED_DEVICE_FAMILY = "1,2";
				TEST_TARGET_NAME = "NBA Player";
			};
			name = Debug;
		};
		5C98BEAE28A55F7B001686E0 /* Release */ = {
			isa = XCBuildConfiguration;
			buildSettings = {
				ALWAYS_EMBED_SWIFT_STANDARD_LIBRARIES = YES;
				CODE_SIGN_STYLE = Automatic;
				CURRENT_PROJECT_VERSION = 1;
				GENERATE_INFOPLIST_FILE = YES;
				MARKETING_VERSION = 1.0;
				PRODUCT_BUNDLE_IDENTIFIER = "com.flo.NBA-PlayerUITests";
				PRODUCT_NAME = "$(TARGET_NAME)";
				SWIFT_EMIT_LOC_STRINGS = NO;
				SWIFT_VERSION = 5.0;
				TARGETED_DEVICE_FAMILY = "1,2";
				TEST_TARGET_NAME = "NBA Player";
			};
			name = Release;
		};
/* End XCBuildConfiguration section */

/* Begin XCConfigurationList section */
		5C98BE7D28A55F77001686E0 /* Build configuration list for PBXProject "NBA Player" */ = {
			isa = XCConfigurationList;
			buildConfigurations = (
				5C98BEA428A55F7B001686E0 /* Debug */,
				5C98BEA528A55F7B001686E0 /* Release */,
			);
			defaultConfigurationIsVisible = 0;
			defaultConfigurationName = Release;
		};
		5C98BEA628A55F7B001686E0 /* Build configuration list for PBXNativeTarget "NBA Player" */ = {
			isa = XCConfigurationList;
			buildConfigurations = (
				5C98BEA728A55F7B001686E0 /* Debug */,
				5C98BEA828A55F7B001686E0 /* Release */,
			);
			defaultConfigurationIsVisible = 0;
			defaultConfigurationName = Release;
		};
		5C98BEA928A55F7B001686E0 /* Build configuration list for PBXNativeTarget "NBA PlayerTests" */ = {
			isa = XCConfigurationList;
			buildConfigurations = (
				5C98BEAA28A55F7B001686E0 /* Debug */,
				5C98BEAB28A55F7B001686E0 /* Release */,
			);
			defaultConfigurationIsVisible = 0;
			defaultConfigurationName = Release;
		};
		5C98BEAC28A55F7B001686E0 /* Build configuration list for PBXNativeTarget "NBA PlayerUITests" */ = {
			isa = XCConfigurationList;
			buildConfigurations = (
				5C98BEAD28A55F7B001686E0 /* Debug */,
				5C98BEAE28A55F7B001686E0 /* Release */,
			);
			defaultConfigurationIsVisible = 0;
			defaultConfigurationName = Release;
		};
/* End XCConfigurationList section */
	};
	rootObject = 5C98BE7A28A55F77001686E0 /* Project object */;
}
